// !$*UTF8*$!
{
	archiveVersion = 1;
	classes = {
	};
	objectVersion = 55;
	objects = {

/* Begin PBXBuildFile section */
		AF1C39C7282FB6020055B9F1 /* Questions.swift in Sources */ = {isa = PBXBuildFile; fileRef = AF1C39C6282FB6020055B9F1 /* Questions.swift */; };
		AF1C39C9282FBEB60055B9F1 /* GameScene.swift in Sources */ = {isa = PBXBuildFile; fileRef = AF1C39C8282FBEB60055B9F1 /* GameScene.swift */; };
		AF1C39CD283182660055B9F1 /* Records.swift in Sources */ = {isa = PBXBuildFile; fileRef = AF1C39CC283182660055B9F1 /* Records.swift */; };
		AF1C39CF283184320055B9F1 /* GameSession.swift in Sources */ = {isa = PBXBuildFile; fileRef = AF1C39CE283184320055B9F1 /* GameSession.swift */; };
		AF1C39D1283185BB0055B9F1 /* Game.swift in Sources */ = {isa = PBXBuildFile; fileRef = AF1C39D0283185BB0055B9F1 /* Game.swift */; };
		AF1C39D3283186280055B9F1 /* RecordsCaretaker.swift in Sources */ = {isa = PBXBuildFile; fileRef = AF1C39D2283186280055B9F1 /* RecordsCaretaker.swift */; };
		AFA94D0F283441BE00314031 /* ChooseDifficultyStrategy.swift in Sources */ = {isa = PBXBuildFile; fileRef = AFA94D0E283441BE00314031 /* ChooseDifficultyStrategy.swift */; };
		AFA94D112834439E00314031 /* Difficulty.swift in Sources */ = {isa = PBXBuildFile; fileRef = AFA94D102834439E00314031 /* Difficulty.swift */; };
		AFA94D13283464DA00314031 /* Observer.swift in Sources */ = {isa = PBXBuildFile; fileRef = AFA94D12283464DA00314031 /* Observer.swift */; };
		AFA94D16283653B300314031 /* AddQuestionCell.swift in Sources */ = {isa = PBXBuildFile; fileRef = AFA94D14283653B300314031 /* AddQuestionCell.swift */; };
		AFA94D17283653B300314031 /* AddQuestionCell.xib in Resources */ = {isa = PBXBuildFile; fileRef = AFA94D15283653B300314031 /* AddQuestionCell.xib */; };
		AFA94D1A283667B700314031 /* AddQuestionController.swift in Sources */ = {isa = PBXBuildFile; fileRef = AFA94D19283667B700314031 /* AddQuestionController.swift */; };
		AFA94D1C283669F200314031 /* UITableView(register+dequeue).swift in Sources */ = {isa = PBXBuildFile; fileRef = AFA94D1B283669F200314031 /* UITableView(register+dequeue).swift */; };
		AFA94D1E28366AA200314031 /* ReusableView.swift in Sources */ = {isa = PBXBuildFile; fileRef = AFA94D1D28366AA200314031 /* ReusableView.swift */; };
		AFA94D2028366F4000314031 /* UserQuestionsCaretaker.swift in Sources */ = {isa = PBXBuildFile; fileRef = AFA94D1F28366F4000314031 /* UserQuestionsCaretaker.swift */; };
		AFA94D2228367F7700314031 /* QuestionBuilder.swift in Sources */ = {isa = PBXBuildFile; fileRef = AFA94D2128367F7700314031 /* QuestionBuilder.swift */; };
		AFA94D242836A4CC00314031 /* UserQuestionsDatabaseController.swift in Sources */ = {isa = PBXBuildFile; fileRef = AFA94D232836A4CC00314031 /* UserQuestionsDatabaseController.swift */; };
		AFBC31532836F2E800CAC457 /* Record.swift in Sources */ = {isa = PBXBuildFile; fileRef = AFBC31522836F2E800CAC457 /* Record.swift */; };
		AFCD737A282EA45900BB56B9 /* AppDelegate.swift in Sources */ = {isa = PBXBuildFile; fileRef = AFCD7379282EA45900BB56B9 /* AppDelegate.swift */; };
		AFCD737C282EA45900BB56B9 /* SceneDelegate.swift in Sources */ = {isa = PBXBuildFile; fileRef = AFCD737B282EA45900BB56B9 /* SceneDelegate.swift */; };
		AFCD737E282EA45900BB56B9 /* MainMenu.swift in Sources */ = {isa = PBXBuildFile; fileRef = AFCD737D282EA45900BB56B9 /* MainMenu.swift */; };
		AFCD7381282EA45900BB56B9 /* Main.storyboard in Resources */ = {isa = PBXBuildFile; fileRef = AFCD737F282EA45900BB56B9 /* Main.storyboard */; };
		AFCD7383282EA45B00BB56B9 /* Assets.xcassets in Resources */ = {isa = PBXBuildFile; fileRef = AFCD7382282EA45B00BB56B9 /* Assets.xcassets */; };
		AFCD7386282EA45B00BB56B9 /* LaunchScreen.storyboard in Resources */ = {isa = PBXBuildFile; fileRef = AFCD7384282EA45B00BB56B9 /* LaunchScreen.storyboard */; };
/* End PBXBuildFile section */

/* Begin PBXFileReference section */
		AF1C39C6282FB6020055B9F1 /* Questions.swift */ = {isa = PBXFileReference; lastKnownFileType = sourcecode.swift; path = Questions.swift; sourceTree = "<group>"; };
		AF1C39C8282FBEB60055B9F1 /* GameScene.swift */ = {isa = PBXFileReference; lastKnownFileType = sourcecode.swift; path = GameScene.swift; sourceTree = "<group>"; };
		AF1C39CC283182660055B9F1 /* Records.swift */ = {isa = PBXFileReference; lastKnownFileType = sourcecode.swift; path = Records.swift; sourceTree = "<group>"; };
		AF1C39CE283184320055B9F1 /* GameSession.swift */ = {isa = PBXFileReference; lastKnownFileType = sourcecode.swift; path = GameSession.swift; sourceTree = "<group>"; };
		AF1C39D0283185BB0055B9F1 /* Game.swift */ = {isa = PBXFileReference; lastKnownFileType = sourcecode.swift; path = Game.swift; sourceTree = "<group>"; };
		AF1C39D2283186280055B9F1 /* RecordsCaretaker.swift */ = {isa = PBXFileReference; fileEncoding = 4; lastKnownFileType = sourcecode.swift; path = RecordsCaretaker.swift; sourceTree = "<group>"; };
		AFA94D0E283441BE00314031 /* ChooseDifficultyStrategy.swift */ = {isa = PBXFileReference; lastKnownFileType = sourcecode.swift; path = ChooseDifficultyStrategy.swift; sourceTree = "<group>"; };
		AFA94D102834439E00314031 /* Difficulty.swift */ = {isa = PBXFileReference; lastKnownFileType = sourcecode.swift; path = Difficulty.swift; sourceTree = "<group>"; };
		AFA94D12283464DA00314031 /* Observer.swift */ = {isa = PBXFileReference; lastKnownFileType = sourcecode.swift; path = Observer.swift; sourceTree = "<group>"; };
		AFA94D14283653B300314031 /* AddQuestionCell.swift */ = {isa = PBXFileReference; lastKnownFileType = sourcecode.swift; path = AddQuestionCell.swift; sourceTree = "<group>"; };
		AFA94D15283653B300314031 /* AddQuestionCell.xib */ = {isa = PBXFileReference; lastKnownFileType = file.xib; path = AddQuestionCell.xib; sourceTree = "<group>"; };
		AFA94D19283667B700314031 /* AddQuestionController.swift */ = {isa = PBXFileReference; lastKnownFileType = sourcecode.swift; path = AddQuestionController.swift; sourceTree = "<group>"; };
		AFA94D1B283669F200314031 /* UITableView(register+dequeue).swift */ = {isa = PBXFileReference; fileEncoding = 4; lastKnownFileType = sourcecode.swift; path = "UITableView(register+dequeue).swift"; sourceTree = "<group>"; };
		AFA94D1D28366AA200314031 /* ReusableView.swift */ = {isa = PBXFileReference; fileEncoding = 4; lastKnownFileType = sourcecode.swift; path = ReusableView.swift; sourceTree = "<group>"; };
		AFA94D1F28366F4000314031 /* UserQuestionsCaretaker.swift */ = {isa = PBXFileReference; lastKnownFileType = sourcecode.swift; path = UserQuestionsCaretaker.swift; sourceTree = "<group>"; };
		AFA94D2128367F7700314031 /* QuestionBuilder.swift */ = {isa = PBXFileReference; lastKnownFileType = sourcecode.swift; path = QuestionBuilder.swift; sourceTree = "<group>"; };
		AFA94D232836A4CC00314031 /* UserQuestionsDatabaseController.swift */ = {isa = PBXFileReference; lastKnownFileType = sourcecode.swift; path = UserQuestionsDatabaseController.swift; sourceTree = "<group>"; };
		AFBC31522836F2E800CAC457 /* Record.swift */ = {isa = PBXFileReference; lastKnownFileType = sourcecode.swift; path = Record.swift; sourceTree = "<group>"; };
		AFCD7376282EA45900BB56B9 /* WhoWantsToBeAMillionaire.app */ = {isa = PBXFileReference; explicitFileType = wrapper.application; includeInIndex = 0; path = WhoWantsToBeAMillionaire.app; sourceTree = BUILT_PRODUCTS_DIR; };
		AFCD7379282EA45900BB56B9 /* AppDelegate.swift */ = {isa = PBXFileReference; lastKnownFileType = sourcecode.swift; path = AppDelegate.swift; sourceTree = "<group>"; };
		AFCD737B282EA45900BB56B9 /* SceneDelegate.swift */ = {isa = PBXFileReference; lastKnownFileType = sourcecode.swift; path = SceneDelegate.swift; sourceTree = "<group>"; };
		AFCD737D282EA45900BB56B9 /* MainMenu.swift */ = {isa = PBXFileReference; lastKnownFileType = sourcecode.swift; path = MainMenu.swift; sourceTree = "<group>"; };
		AFCD7380282EA45900BB56B9 /* Base */ = {isa = PBXFileReference; lastKnownFileType = file.storyboard; name = Base; path = Base.lproj/Main.storyboard; sourceTree = "<group>"; };
		AFCD7382282EA45B00BB56B9 /* Assets.xcassets */ = {isa = PBXFileReference; lastKnownFileType = folder.assetcatalog; path = Assets.xcassets; sourceTree = "<group>"; };
		AFCD7385282EA45B00BB56B9 /* Base */ = {isa = PBXFileReference; lastKnownFileType = file.storyboard; name = Base; path = Base.lproj/LaunchScreen.storyboard; sourceTree = "<group>"; };
		AFCD7387282EA45B00BB56B9 /* Info.plist */ = {isa = PBXFileReference; lastKnownFileType = text.plist.xml; path = Info.plist; sourceTree = "<group>"; };
/* End PBXFileReference section */

/* Begin PBXFrameworksBuildPhase section */
		AFCD7373282EA45900BB56B9 /* Frameworks */ = {
			isa = PBXFrameworksBuildPhase;
			buildActionMask = 2147483647;
			files = (
			);
			runOnlyForDeploymentPostprocessing = 0;
		};
/* End PBXFrameworksBuildPhase section */

/* Begin PBXGroup section */
		AF1C39D42831BACD0055B9F1 /* Fundamentals */ = {
			isa = PBXGroup;
			children = (
				AFCD737B282EA45900BB56B9 /* SceneDelegate.swift */,
				AFCD7379282EA45900BB56B9 /* AppDelegate.swift */,
			);
			path = Fundamentals;
			sourceTree = "<group>";
		};
		AF1C39D52831BB260055B9F1 /* Storyboards */ = {
			isa = PBXGroup;
			children = (
				AFCD737F282EA45900BB56B9 /* Main.storyboard */,
				AFCD7384282EA45B00BB56B9 /* LaunchScreen.storyboard */,
			);
			path = Storyboards;
			sourceTree = "<group>";
		};
		AF1C39D62831BB430055B9F1 /* Utilities */ = {
			isa = PBXGroup;
			children = (
				AF1C39D0283185BB0055B9F1 /* Game.swift */,
				AF1C39CE283184320055B9F1 /* GameSession.swift */,
				AFA94D102834439E00314031 /* Difficulty.swift */,
				AF1C39D2283186280055B9F1 /* RecordsCaretaker.swift */,
				AFA94D1F28366F4000314031 /* UserQuestionsCaretaker.swift */,
				AFA94D12283464DA00314031 /* Observer.swift */,
				AFA94D2128367F7700314031 /* QuestionBuilder.swift */,
			);
			path = Utilities;
			sourceTree = "<group>";
		};
		AF1C39D72831BB960055B9F1 /* Models */ = {
			isa = PBXGroup;
			children = (
				AFBC31522836F2E800CAC457 /* Record.swift */,
				AF1C39C6282FB6020055B9F1 /* Questions.swift */,
			);
			path = Models;
			sourceTree = "<group>";
		};
		AF1C39D82831BBC20055B9F1 /* ViewControllers */ = {
			isa = PBXGroup;
			children = (
				AFA94D19283667B700314031 /* AddQuestionController.swift */,
				AFA94D232836A4CC00314031 /* UserQuestionsDatabaseController.swift */,
				AFCD737D282EA45900BB56B9 /* MainMenu.swift */,
				AF1C39CC283182660055B9F1 /* Records.swift */,
				AF1C39C8282FBEB60055B9F1 /* GameScene.swift */,
			);
			path = ViewControllers;
			sourceTree = "<group>";
		};
		AFA94D18283653BD00314031 /* Reusable Views */ = {
			isa = PBXGroup;
			children = (
				AFA94D14283653B300314031 /* AddQuestionCell.swift */,
				AFA94D15283653B300314031 /* AddQuestionCell.xib */,
			);
			path = "Reusable Views";
			sourceTree = "<group>";
		};
		AFA94D252836D21500314031 /* Strategies */ = {
			isa = PBXGroup;
			children = (
				AFA94D0E283441BE00314031 /* ChooseDifficultyStrategy.swift */,
			);
			path = Strategies;
			sourceTree = "<group>";
		};
		AFBC31512836F2AB00CAC457 /* Extensions */ = {
			isa = PBXGroup;
			children = (
				AFA94D1B283669F200314031 /* UITableView(register+dequeue).swift */,
				AFA94D1D28366AA200314031 /* ReusableView.swift */,
			);
			name = Extensions;
			path = ..;
			sourceTree = "<group>";
		};
		AFCD736D282EA45900BB56B9 = {
			isa = PBXGroup;
			children = (
				AFCD7378282EA45900BB56B9 /* WhoWantsToBeAMillionaire */,
				AFCD7377282EA45900BB56B9 /* Products */,
			);
			sourceTree = "<group>";
		};
		AFCD7377282EA45900BB56B9 /* Products */ = {
			isa = PBXGroup;
			children = (
				AFCD7376282EA45900BB56B9 /* WhoWantsToBeAMillionaire.app */,
			);
			name = Products;
			sourceTree = "<group>";
		};
		AFCD7378282EA45900BB56B9 /* WhoWantsToBeAMillionaire */ = {
			isa = PBXGroup;
			children = (
				AF1C39D42831BACD0055B9F1 /* Fundamentals */,
				AFBC31512836F2AB00CAC457 /* Extensions */,
				AF1C39D72831BB960055B9F1 /* Models */,
				AFA94D18283653BD00314031 /* Reusable Views */,
				AF1C39D62831BB430055B9F1 /* Utilities */,
				AF1C39D52831BB260055B9F1 /* Storyboards */,
				AF1C39D82831BBC20055B9F1 /* ViewControllers */,
				AFCD7382282EA45B00BB56B9 /* Assets.xcassets */,
				AFCD7387282EA45B00BB56B9 /* Info.plist */,
				AFA94D252836D21500314031 /* Strategies */,
			);
			path = WhoWantsToBeAMillionaire;
			sourceTree = "<group>";
		};
/* End PBXGroup section */

/* Begin PBXNativeTarget section */
		AFCD7375282EA45900BB56B9 /* WhoWantsToBeAMillionaire */ = {
			isa = PBXNativeTarget;
			buildConfigurationList = AFCD738A282EA45B00BB56B9 /* Build configuration list for PBXNativeTarget "WhoWantsToBeAMillionaire" */;
			buildPhases = (
				AFCD7372282EA45900BB56B9 /* Sources */,
				AFCD7373282EA45900BB56B9 /* Frameworks */,
				AFCD7374282EA45900BB56B9 /* Resources */,
			);
			buildRules = (
			);
			dependencies = (
			);
			name = WhoWantsToBeAMillionaire;
			productName = WhoWantsToBeAMillionaire;
			productReference = AFCD7376282EA45900BB56B9 /* WhoWantsToBeAMillionaire.app */;
			productType = "com.apple.product-type.application";
		};
/* End PBXNativeTarget section */

/* Begin PBXProject section */
		AFCD736E282EA45900BB56B9 /* Project object */ = {
			isa = PBXProject;
			attributes = {
				BuildIndependentTargetsInParallel = 1;
				LastSwiftUpdateCheck = 1330;
				LastUpgradeCheck = 1330;
				TargetAttributes = {
					AFCD7375282EA45900BB56B9 = {
						CreatedOnToolsVersion = 13.3.1;
					};
				};
			};
			buildConfigurationList = AFCD7371282EA45900BB56B9 /* Build configuration list for PBXProject "WhoWantsToBeAMillionaire" */;
			compatibilityVersion = "Xcode 13.0";
			developmentRegion = en;
			hasScannedForEncodings = 0;
			knownRegions = (
				en,
				Base,
			);
			mainGroup = AFCD736D282EA45900BB56B9;
			productRefGroup = AFCD7377282EA45900BB56B9 /* Products */;
			projectDirPath = "";
			projectRoot = "";
			targets = (
				AFCD7375282EA45900BB56B9 /* WhoWantsToBeAMillionaire */,
			);
		};
/* End PBXProject section */

/* Begin PBXResourcesBuildPhase section */
		AFCD7374282EA45900BB56B9 /* Resources */ = {
			isa = PBXResourcesBuildPhase;
			buildActionMask = 2147483647;
			files = (
				AFCD7386282EA45B00BB56B9 /* LaunchScreen.storyboard in Resources */,
				AFA94D17283653B300314031 /* AddQuestionCell.xib in Resources */,
				AFCD7383282EA45B00BB56B9 /* Assets.xcassets in Resources */,
				AFCD7381282EA45900BB56B9 /* Main.storyboard in Resources */,
			);
			runOnlyForDeploymentPostprocessing = 0;
		};
/* End PBXResourcesBuildPhase section */

/* Begin PBXSourcesBuildPhase section */
		AFCD7372282EA45900BB56B9 /* Sources */ = {
			isa = PBXSourcesBuildPhase;
			buildActionMask = 2147483647;
			files = (
				AF1C39CD283182660055B9F1 /* Records.swift in Sources */,
				AFA94D242836A4CC00314031 /* UserQuestionsDatabaseController.swift in Sources */,
				AFBC31532836F2E800CAC457 /* Record.swift in Sources */,
				AFA94D13283464DA00314031 /* Observer.swift in Sources */,
				AF1C39D3283186280055B9F1 /* RecordsCaretaker.swift in Sources */,
				AF1C39C9282FBEB60055B9F1 /* GameScene.swift in Sources */,
				AFCD737E282EA45900BB56B9 /* MainMenu.swift in Sources */,
				AFA94D112834439E00314031 /* Difficulty.swift in Sources */,
				AF1C39C7282FB6020055B9F1 /* Questions.swift in Sources */,
				AF1C39CF283184320055B9F1 /* GameSession.swift in Sources */,
				AFA94D0F283441BE00314031 /* ChooseDifficultyStrategy.swift in Sources */,
				AFA94D2228367F7700314031 /* QuestionBuilder.swift in Sources */,
				AFA94D1A283667B700314031 /* AddQuestionController.swift in Sources */,
				AFCD737A282EA45900BB56B9 /* AppDelegate.swift in Sources */,
				AFA94D2028366F4000314031 /* UserQuestionsCaretaker.swift in Sources */,
				AFA94D1E28366AA200314031 /* ReusableView.swift in Sources */,
				AFCD737C282EA45900BB56B9 /* SceneDelegate.swift in Sources */,
				AFA94D1C283669F200314031 /* UITableView(register+dequeue).swift in Sources */,
				AFA94D16283653B300314031 /* AddQuestionCell.swift in Sources */,
				AF1C39D1283185BB0055B9F1 /* Game.swift in Sources */,
			);
			runOnlyForDeploymentPostprocessing = 0;
		};
/* End PBXSourcesBuildPhase section */

/* Begin PBXVariantGroup section */
		AFCD737F282EA45900BB56B9 /* Main.storyboard */ = {
			isa = PBXVariantGroup;
			children = (
				AFCD7380282EA45900BB56B9 /* Base */,
			);
			name = Main.storyboard;
			sourceTree = "<group>";
		};
		AFCD7384282EA45B00BB56B9 /* LaunchScreen.storyboard */ = {
			isa = PBXVariantGroup;
			children = (
				AFCD7385282EA45B00BB56B9 /* Base */,
			);
			name = LaunchScreen.storyboard;
			sourceTree = "<group>";
		};
/* End PBXVariantGroup section */

/* Begin XCBuildConfiguration section */
		AFCD7388282EA45B00BB56B9 /* Debug */ = {
			isa = XCBuildConfiguration;
			buildSettings = {
				ALWAYS_SEARCH_USER_PATHS = NO;
				CLANG_ANALYZER_NONNULL = YES;
				CLANG_ANALYZER_NUMBER_OBJECT_CONVERSION = YES_AGGRESSIVE;
				CLANG_CXX_LANGUAGE_STANDARD = "gnu++17";
				CLANG_ENABLE_MODULES = YES;
				CLANG_ENABLE_OBJC_ARC = YES;
				CLANG_ENABLE_OBJC_WEAK = YES;
				CLANG_WARN_BLOCK_CAPTURE_AUTORELEASING = YES;
				CLANG_WARN_BOOL_CONVERSION = YES;
				CLANG_WARN_COMMA = YES;
				CLANG_WARN_CONSTANT_CONVERSION = YES;
				CLANG_WARN_DEPRECATED_OBJC_IMPLEMENTATIONS = YES;
				CLANG_WARN_DIRECT_OBJC_ISA_USAGE = YES_ERROR;
				CLANG_WARN_DOCUMENTATION_COMMENTS = YES;
				CLANG_WARN_EMPTY_BODY = YES;
				CLANG_WARN_ENUM_CONVERSION = YES;
				CLANG_WARN_INFINITE_RECURSION = YES;
				CLANG_WARN_INT_CONVERSION = YES;
				CLANG_WARN_NON_LITERAL_NULL_CONVERSION = YES;
				CLANG_WARN_OBJC_IMPLICIT_RETAIN_SELF = YES;
				CLANG_WARN_OBJC_LITERAL_CONVERSION = YES;
				CLANG_WARN_OBJC_ROOT_CLASS = YES_ERROR;
				CLANG_WARN_QUOTED_INCLUDE_IN_FRAMEWORK_HEADER = YES;
				CLANG_WARN_RANGE_LOOP_ANALYSIS = YES;
				CLANG_WARN_STRICT_PROTOTYPES = YES;
				CLANG_WARN_SUSPICIOUS_MOVE = YES;
				CLANG_WARN_UNGUARDED_AVAILABILITY = YES_AGGRESSIVE;
				CLANG_WARN_UNREACHABLE_CODE = YES;
				CLANG_WARN__DUPLICATE_METHOD_MATCH = YES;
				COPY_PHASE_STRIP = NO;
				DEBUG_INFORMATION_FORMAT = dwarf;
				ENABLE_STRICT_OBJC_MSGSEND = YES;
				ENABLE_TESTABILITY = YES;
				GCC_C_LANGUAGE_STANDARD = gnu11;
				GCC_DYNAMIC_NO_PIC = NO;
				GCC_NO_COMMON_BLOCKS = YES;
				GCC_OPTIMIZATION_LEVEL = 0;
				GCC_PREPROCESSOR_DEFINITIONS = (
					"DEBUG=1",
					"$(inherited)",
				);
				GCC_WARN_64_TO_32_BIT_CONVERSION = YES;
				GCC_WARN_ABOUT_RETURN_TYPE = YES_ERROR;
				GCC_WARN_UNDECLARED_SELECTOR = YES;
				GCC_WARN_UNINITIALIZED_AUTOS = YES_AGGRESSIVE;
				GCC_WARN_UNUSED_FUNCTION = YES;
				GCC_WARN_UNUSED_VARIABLE = YES;
				IPHONEOS_DEPLOYMENT_TARGET = 15.4;
				MTL_ENABLE_DEBUG_INFO = INCLUDE_SOURCE;
				MTL_FAST_MATH = YES;
				ONLY_ACTIVE_ARCH = YES;
				SDKROOT = iphoneos;
				SWIFT_ACTIVE_COMPILATION_CONDITIONS = DEBUG;
				SWIFT_OPTIMIZATION_LEVEL = "-Onone";
			};
			name = Debug;
		};
		AFCD7389282EA45B00BB56B9 /* Release */ = {
			isa = XCBuildConfiguration;
			buildSettings = {
				ALWAYS_SEARCH_USER_PATHS = NO;
				CLANG_ANALYZER_NONNULL = YES;
				CLANG_ANALYZER_NUMBER_OBJECT_CONVERSION = YES_AGGRESSIVE;
				CLANG_CXX_LANGUAGE_STANDARD = "gnu++17";
				CLANG_ENABLE_MODULES = YES;
				CLANG_ENABLE_OBJC_ARC = YES;
				CLANG_ENABLE_OBJC_WEAK = YES;
				CLANG_WARN_BLOCK_CAPTURE_AUTORELEASING = YES;
				CLANG_WARN_BOOL_CONVERSION = YES;
				CLANG_WARN_COMMA = YES;
				CLANG_WARN_CONSTANT_CONVERSION = YES;
				CLANG_WARN_DEPRECATED_OBJC_IMPLEMENTATIONS = YES;
				CLANG_WARN_DIRECT_OBJC_ISA_USAGE = YES_ERROR;
				CLANG_WARN_DOCUMENTATION_COMMENTS = YES;
				CLANG_WARN_EMPTY_BODY = YES;
				CLANG_WARN_ENUM_CONVERSION = YES;
				CLANG_WARN_INFINITE_RECURSION = YES;
				CLANG_WARN_INT_CONVERSION = YES;
				CLANG_WARN_NON_LITERAL_NULL_CONVERSION = YES;
				CLANG_WARN_OBJC_IMPLICIT_RETAIN_SELF = YES;
				CLANG_WARN_OBJC_LITERAL_CONVERSION = YES;
				CLANG_WARN_OBJC_ROOT_CLASS = YES_ERROR;
				CLANG_WARN_QUOTED_INCLUDE_IN_FRAMEWORK_HEADER = YES;
				CLANG_WARN_RANGE_LOOP_ANALYSIS = YES;
				CLANG_WARN_STRICT_PROTOTYPES = YES;
				CLANG_WARN_SUSPICIOUS_MOVE = YES;
				CLANG_WARN_UNGUARDED_AVAILABILITY = YES_AGGRESSIVE;
				CLANG_WARN_UNREACHABLE_CODE = YES;
				CLANG_WARN__DUPLICATE_METHOD_MATCH = YES;
				COPY_PHASE_STRIP = NO;
				DEBUG_INFORMATION_FORMAT = "dwarf-with-dsym";
				ENABLE_NS_ASSERTIONS = NO;
				ENABLE_STRICT_OBJC_MSGSEND = YES;
				GCC_C_LANGUAGE_STANDARD = gnu11;
				GCC_NO_COMMON_BLOCKS = YES;
				GCC_WARN_64_TO_32_BIT_CONVERSION = YES;
				GCC_WARN_ABOUT_RETURN_TYPE = YES_ERROR;
				GCC_WARN_UNDECLARED_SELECTOR = YES;
				GCC_WARN_UNINITIALIZED_AUTOS = YES_AGGRESSIVE;
				GCC_WARN_UNUSED_FUNCTION = YES;
				GCC_WARN_UNUSED_VARIABLE = YES;
				IPHONEOS_DEPLOYMENT_TARGET = 15.4;
				MTL_ENABLE_DEBUG_INFO = NO;
				MTL_FAST_MATH = YES;
				SDKROOT = iphoneos;
				SWIFT_COMPILATION_MODE = wholemodule;
				SWIFT_OPTIMIZATION_LEVEL = "-O";
				VALIDATE_PRODUCT = YES;
			};
			name = Release;
		};
		AFCD738B282EA45B00BB56B9 /* Debug */ = {
			isa = XCBuildConfiguration;
			buildSettings = {
				ASSETCATALOG_COMPILER_APPICON_NAME = AppIcon;
				ASSETCATALOG_COMPILER_GLOBAL_ACCENT_COLOR_NAME = AccentColor;
				CODE_SIGN_STYLE = Automatic;
				CURRENT_PROJECT_VERSION = 1;
				DEVELOPMENT_TEAM = G46T4VKZ45;
				GENERATE_INFOPLIST_FILE = YES;
				INFOPLIST_FILE = WhoWantsToBeAMillionaire/Info.plist;
				INFOPLIST_KEY_UIApplicationSupportsIndirectInputEvents = YES;
				INFOPLIST_KEY_UILaunchStoryboardName = LaunchScreen;
				INFOPLIST_KEY_UIMainStoryboardFile = Main;
				INFOPLIST_KEY_UISupportedInterfaceOrientations = UIInterfaceOrientationPortrait;
				INFOPLIST_KEY_UISupportedInterfaceOrientations_iPad = "UIInterfaceOrientationPortrait UIInterfaceOrientationPortraitUpsideDown";
				INFOPLIST_KEY_UISupportedInterfaceOrientations_iPhone = UIInterfaceOrientationPortrait;
				LD_RUNPATH_SEARCH_PATHS = (
					"$(inherited)",
					"@executable_path/Frameworks",
				);
				MARKETING_VERSION = 1.0;
				PRODUCT_BUNDLE_IDENTIFIER = com.kalaiko.WhoWantsToBeAMillionaire;
				PRODUCT_NAME = "$(TARGET_NAME)";
				SWIFT_EMIT_LOC_STRINGS = YES;
				SWIFT_VERSION = 5.0;
				TARGETED_DEVICE_FAMILY = 1;
			};
			name = Debug;
		};
		AFCD738C282EA45B00BB56B9 /* Release */ = {
			isa = XCBuildConfiguration;
			buildSettings = {
				ASSETCATALOG_COMPILER_APPICON_NAME = AppIcon;
				ASSETCATALOG_COMPILER_GLOBAL_ACCENT_COLOR_NAME = AccentColor;
				CODE_SIGN_STYLE = Automatic;
				CURRENT_PROJECT_VERSION = 1;
				DEVELOPMENT_TEAM = G46T4VKZ45;
				GENERATE_INFOPLIST_FILE = YES;
				INFOPLIST_FILE = WhoWantsToBeAMillionaire/Info.plist;
				INFOPLIST_KEY_UIApplicationSupportsIndirectInputEvents = YES;
				INFOPLIST_KEY_UILaunchStoryboardName = LaunchScreen;
				INFOPLIST_KEY_UIMainStoryboardFile = Main;
				INFOPLIST_KEY_UISupportedInterfaceOrientations = UIInterfaceOrientationPortrait;
				INFOPLIST_KEY_UISupportedInterfaceOrientations_iPad = "UIInterfaceOrientationPortrait UIInterfaceOrientationPortraitUpsideDown";
				INFOPLIST_KEY_UISupportedInterfaceOrientations_iPhone = UIInterfaceOrientationPortrait;
				LD_RUNPATH_SEARCH_PATHS = (
					"$(inherited)",
					"@executable_path/Frameworks",
				);
				MARKETING_VERSION = 1.0;
				PRODUCT_BUNDLE_IDENTIFIER = com.kalaiko.WhoWantsToBeAMillionaire;
				PRODUCT_NAME = "$(TARGET_NAME)";
				SWIFT_EMIT_LOC_STRINGS = YES;
				SWIFT_VERSION = 5.0;
				TARGETED_DEVICE_FAMILY = 1;
			};
			name = Release;
		};
/* End XCBuildConfiguration section */

/* Begin XCConfigurationList section */
		AFCD7371282EA45900BB56B9 /* Build configuration list for PBXProject "WhoWantsToBeAMillionaire" */ = {
			isa = XCConfigurationList;
			buildConfigurations = (
				AFCD7388282EA45B00BB56B9 /* Debug */,
				AFCD7389282EA45B00BB56B9 /* Release */,
			);
			defaultConfigurationIsVisible = 0;
			defaultConfigurationName = Release;
		};
		AFCD738A282EA45B00BB56B9 /* Build configuration list for PBXNativeTarget "WhoWantsToBeAMillionaire" */ = {
			isa = XCConfigurationList;
			buildConfigurations = (
				AFCD738B282EA45B00BB56B9 /* Debug */,
				AFCD738C282EA45B00BB56B9 /* Release */,
			);
			defaultConfigurationIsVisible = 0;
			defaultConfigurationName = Release;
		};
/* End XCConfigurationList section */
	};
	rootObject = AFCD736E282EA45900BB56B9 /* Project object */;
}
